// !$*UTF8*$!
{
	archiveVersion = 1;
	classes = {
	};
	objectVersion = 50;
	objects = {

/* Begin PBXBuildFile section */
		8045DE2B22D285E700EA6390 /* NeuralNetwork.cpp in Sources */ = {isa = PBXBuildFile; fileRef = 8045DE2922D285E700EA6390 /* NeuralNetwork.cpp */; };
		80492C8222AC516400821F00 /* datasrc in CopyFiles */ = {isa = PBXBuildFile; fileRef = 80492C8122AC513500821F00 /* datasrc */; };
		80492C8422AC51A300821F00 /* data in CopyFiles */ = {isa = PBXBuildFile; fileRef = 80492C8322AC519700821F00 /* data */; };
		80492C8722BF800E00821F00 /* Texture.cpp in Sources */ = {isa = PBXBuildFile; fileRef = 80492C8522BF800E00821F00 /* Texture.cpp */; };
		80492C8922BF8A0A00821F00 /* TexturedObject.cpp in Sources */ = {isa = PBXBuildFile; fileRef = 80492C8822BF8A0A00821F00 /* TexturedObject.cpp */; };
		8053C2D722A40F8F0003328B /* OpenGL.framework in Frameworks */ = {isa = PBXBuildFile; fileRef = 800CB2AE22A401CB003F7361 /* OpenGL.framework */; };
		8053C2D822A40F940003328B /* GLUT.framework in Frameworks */ = {isa = PBXBuildFile; fileRef = 8053C2CF22A403860003328B /* GLUT.framework */; };
		8053C2D922A40F980003328B /* Cocoa.framework in Frameworks */ = {isa = PBXBuildFile; fileRef = 8053C2D222A405E20003328B /* Cocoa.framework */; };
		8053C2E622A41F1F0003328B /* IOKit.framework in Frameworks */ = {isa = PBXBuildFile; fileRef = 8053C2E522A41F1F0003328B /* IOKit.framework */; };
		8053C2E822A41F270003328B /* CoreVideo.framework in Frameworks */ = {isa = PBXBuildFile; fileRef = 8053C2E722A41F270003328B /* CoreVideo.framework */; };
		8053C2EB22A421D80003328B /* libGLEW.2.1.0.dylib in Frameworks */ = {isa = PBXBuildFile; fileRef = 8053C2EA22A421D80003328B /* libGLEW.2.1.0.dylib */; };
		8053C2ED22A421E00003328B /* libGLEW.a in Frameworks */ = {isa = PBXBuildFile; fileRef = 8053C2EC22A421E00003328B /* libGLEW.a */; };
		8053C2EF22A421F10003328B /* libglfw3.a in Frameworks */ = {isa = PBXBuildFile; fileRef = 8053C2EE22A421F10003328B /* libglfw3.a */; };
		8053C2F222A455B30003328B /* Render.cpp in Sources */ = {isa = PBXBuildFile; fileRef = 8053C2F022A455B30003328B /* Render.cpp */; };
		8053C2F822A54D650003328B /* ModelLoader.cpp in Sources */ = {isa = PBXBuildFile; fileRef = 8053C2F622A54D650003328B /* ModelLoader.cpp */; };
		8053C2FB22A5547D0003328B /* Camera.cpp in Sources */ = {isa = PBXBuildFile; fileRef = 8053C2F922A5547D0003328B /* Camera.cpp */; };
		80BB0CD422A3EDBF0069BCDF /* main.cpp in Sources */ = {isa = PBXBuildFile; fileRef = 80BB0CD322A3EDBF0069BCDF /* main.cpp */; };
		80ED893222C0104E0045A21A /* ColoredObject.cpp in Sources */ = {isa = PBXBuildFile; fileRef = 80ED893022C0104E0045A21A /* ColoredObject.cpp */; };
		80ED893422C014230045A21A /* DrawableObject.cpp in Sources */ = {isa = PBXBuildFile; fileRef = 80ED893322C014230045A21A /* DrawableObject.cpp */; };
		80ED893822C038DC0045A21A /* shader in CopyFiles */ = {isa = PBXBuildFile; fileRef = 80ED893722C038DC0045A21A /* shader */; };
/* End PBXBuildFile section */

/* Begin PBXCopyFilesBuildPhase section */
		80492C8022AC510C00821F00 /* CopyFiles */ = {
			isa = PBXCopyFilesBuildPhase;
			buildActionMask = 2147483647;
			dstPath = "";
			dstSubfolderSpec = 16;
			files = (
				80ED893822C038DC0045A21A /* shader in CopyFiles */,
				80492C8422AC51A300821F00 /* data in CopyFiles */,
				80492C8222AC516400821F00 /* datasrc in CopyFiles */,
			);
			runOnlyForDeploymentPostprocessing = 0;
		};
/* End PBXCopyFilesBuildPhase section */

/* Begin PBXFileReference section */
		800CB2A922A3FB93003F7361 /* glm */ = {isa = PBXFileReference; lastKnownFileType = folder; name = glm; path = ../../Downloads/Libraries/glm/glm; sourceTree = "<group>"; };
		800CB2AB22A3FCD1003F7361 /* glm.hpp */ = {isa = PBXFileReference; lastKnownFileType = sourcecode.cpp.h; name = glm.hpp; path = ../../Downloads/Libraries/glm/glm/glm.hpp; sourceTree = "<group>"; };
		800CB2AE22A401CB003F7361 /* OpenGL.framework */ = {isa = PBXFileReference; lastKnownFileType = wrapper.framework; name = OpenGL.framework; path = System/Library/Frameworks/OpenGL.framework; sourceTree = SDKROOT; };
		800CB2B022A40213003F7361 /* libGLEW.a */ = {isa = PBXFileReference; lastKnownFileType = archive.ar; name = libGLEW.a; path = "../../Downloads/Libraries/glew-2.1.0/lib/libGLEW.a"; sourceTree = "<group>"; };
		800CB2B222A4027D003F7361 /* lib */ = {isa = PBXFileReference; lastKnownFileType = folder; name = lib; path = "../../Downloads/Libraries/glew-2.1.0/lib"; sourceTree = "<group>"; };
		800CB2B422A402C7003F7361 /* include */ = {isa = PBXFileReference; lastKnownFileType = folder; name = include; path = "../../Downloads/Libraries/glew-2.1.0/include"; sourceTree = "<group>"; };
		800CB2B622A402D5003F7361 /* GL */ = {isa = PBXFileReference; lastKnownFileType = folder; name = GL; path = "../../Downloads/Libraries/glew-2.1.0/include/GL"; sourceTree = "<group>"; };
		800CB2B822A402E1003F7361 /* GLFW */ = {isa = PBXFileReference; lastKnownFileType = folder; name = GLFW; path = "../../Downloads/Libraries/glfw-3.3/include/GLFW"; sourceTree = "<group>"; };
		8045DE2922D285E700EA6390 /* NeuralNetwork.cpp */ = {isa = PBXFileReference; lastKnownFileType = sourcecode.cpp.cpp; path = NeuralNetwork.cpp; sourceTree = "<group>"; };
		8045DE2A22D285E700EA6390 /* NeuralNetwork.hpp */ = {isa = PBXFileReference; lastKnownFileType = sourcecode.cpp.h; path = NeuralNetwork.hpp; sourceTree = "<group>"; };
		80492C7F22A6AA4800821F00 /* includeEngine.h */ = {isa = PBXFileReference; lastKnownFileType = sourcecode.c.h; path = includeEngine.h; sourceTree = "<group>"; };
		80492C8122AC513500821F00 /* datasrc */ = {isa = PBXFileReference; lastKnownFileType = folder; name = datasrc; path = /Users/lukas/projects/PLG/PLG/datasrc; sourceTree = "<absolute>"; };
		80492C8322AC519700821F00 /* data */ = {isa = PBXFileReference; lastKnownFileType = folder; name = data; path = /Users/lukas/projects/PLG/PLG/data; sourceTree = "<absolute>"; };
		80492C8522BF800E00821F00 /* Texture.cpp */ = {isa = PBXFileReference; lastKnownFileType = sourcecode.cpp.cpp; path = Texture.cpp; sourceTree = "<group>"; };
		80492C8622BF800E00821F00 /* Texture.hpp */ = {isa = PBXFileReference; lastKnownFileType = sourcecode.cpp.h; path = Texture.hpp; sourceTree = "<group>"; };
		80492C8822BF8A0A00821F00 /* TexturedObject.cpp */ = {isa = PBXFileReference; fileEncoding = 4; lastKnownFileType = sourcecode.cpp.cpp; path = TexturedObject.cpp; sourceTree = "<group>"; };
		80492C8A22BF8A3C00821F00 /* DrawableObject.hpp */ = {isa = PBXFileReference; lastKnownFileType = sourcecode.cpp.h; path = DrawableObject.hpp; sourceTree = "<group>"; };
		8053C2CF22A403860003328B /* GLUT.framework */ = {isa = PBXFileReference; lastKnownFileType = wrapper.framework; name = GLUT.framework; path = System/Library/Frameworks/GLUT.framework; sourceTree = SDKROOT; };
		8053C2D222A405E20003328B /* Cocoa.framework */ = {isa = PBXFileReference; lastKnownFileType = wrapper.framework; name = Cocoa.framework; path = System/Library/Frameworks/Cocoa.framework; sourceTree = SDKROOT; };
		8053C2D422A408F10003328B /* GLKit.framework */ = {isa = PBXFileReference; lastKnownFileType = wrapper.framework; name = GLKit.framework; path = System/Library/Frameworks/GLKit.framework; sourceTree = SDKROOT; };
		8053C2DA22A40FA80003328B /* libglfw3.a */ = {isa = PBXFileReference; lastKnownFileType = archive.ar; name = libglfw3.a; path = "../../Downloads/Libraries/glfw-3.3/src/libglfw3.a"; sourceTree = "<group>"; };
		8053C2E022A41DD20003328B /* cmake */ = {isa = PBXFileReference; lastKnownFileType = folder; name = cmake; path = "../../Downloads/Libraries/glfw-3.3/CMakeFiles/Export/lib/cmake"; sourceTree = "<group>"; };
		8053C2E322A41E3F0003328B /* libglfw3.a */ = {isa = PBXFileReference; lastKnownFileType = archive.ar; name = libglfw3.a; path = ../../Downloads/Libraries/libglfw3.a; sourceTree = "<group>"; };
		8053C2E522A41F1F0003328B /* IOKit.framework */ = {isa = PBXFileReference; lastKnownFileType = wrapper.framework; name = IOKit.framework; path = System/Library/Frameworks/IOKit.framework; sourceTree = SDKROOT; };
		8053C2E722A41F270003328B /* CoreVideo.framework */ = {isa = PBXFileReference; lastKnownFileType = wrapper.framework; name = CoreVideo.framework; path = System/Library/Frameworks/CoreVideo.framework; sourceTree = SDKROOT; };
		8053C2EA22A421D80003328B /* libGLEW.2.1.0.dylib */ = {isa = PBXFileReference; lastKnownFileType = "compiled.mach-o.dylib"; name = libGLEW.2.1.0.dylib; path = ../../../../usr/local/lib/libGLEW.2.1.0.dylib; sourceTree = "<group>"; };
		8053C2EC22A421E00003328B /* libGLEW.a */ = {isa = PBXFileReference; lastKnownFileType = archive.ar; name = libGLEW.a; path = ../../../../usr/local/lib/libGLEW.a; sourceTree = "<group>"; };
		8053C2EE22A421F10003328B /* libglfw3.a */ = {isa = PBXFileReference; lastKnownFileType = archive.ar; name = libglfw3.a; path = ../../../../usr/local/lib/libglfw3.a; sourceTree = "<group>"; };
		8053C2F022A455B30003328B /* Render.cpp */ = {isa = PBXFileReference; lastKnownFileType = sourcecode.cpp.cpp; path = Render.cpp; sourceTree = "<group>"; };
		8053C2F122A455B30003328B /* Render.hpp */ = {isa = PBXFileReference; lastKnownFileType = sourcecode.cpp.h; path = Render.hpp; sourceTree = "<group>"; };
		8053C2F422A45B060003328B /* TexturedObject.hpp */ = {isa = PBXFileReference; lastKnownFileType = sourcecode.cpp.h; path = TexturedObject.hpp; sourceTree = "<group>"; };
		8053C2F622A54D650003328B /* ModelLoader.cpp */ = {isa = PBXFileReference; lastKnownFileType = sourcecode.cpp.cpp; path = ModelLoader.cpp; sourceTree = "<group>"; };
		8053C2F722A54D650003328B /* ModelLoader.hpp */ = {isa = PBXFileReference; lastKnownFileType = sourcecode.cpp.h; path = ModelLoader.hpp; sourceTree = "<group>"; };
		8053C2F922A5547D0003328B /* Camera.cpp */ = {isa = PBXFileReference; lastKnownFileType = sourcecode.cpp.cpp; path = Camera.cpp; sourceTree = "<group>"; };
		8053C2FA22A5547D0003328B /* Camera.hpp */ = {isa = PBXFileReference; lastKnownFileType = sourcecode.cpp.h; path = Camera.hpp; sourceTree = "<group>"; };
		80BB0CD022A3EDBF0069BCDF /* PLG */ = {isa = PBXFileReference; explicitFileType = "compiled.mach-o.executable"; includeInIndex = 0; path = PLG; sourceTree = BUILT_PRODUCTS_DIR; };
		80BB0CD322A3EDBF0069BCDF /* main.cpp */ = {isa = PBXFileReference; lastKnownFileType = sourcecode.cpp.cpp; path = main.cpp; sourceTree = "<group>"; };
		80BB0CDB22A3F9CC0069BCDF /* libGLEW.2.1.0.dylib */ = {isa = PBXFileReference; lastKnownFileType = "compiled.mach-o.dylib"; name = libGLEW.2.1.0.dylib; path = "../../Downloads/Libraries/glew-2.1.0/lib/libGLEW.2.1.0.dylib"; sourceTree = "<group>"; };
		80BB0CDD22A3FA010069BCDF /* wglew.h */ = {isa = PBXFileReference; lastKnownFileType = sourcecode.c.h; name = wglew.h; path = "../../Downloads/Libraries/glew-2.1.0/include/GL/wglew.h"; sourceTree = "<group>"; };
		80BB0CDE22A3FA010069BCDF /* glew.h */ = {isa = PBXFileReference; lastKnownFileType = sourcecode.c.h; name = glew.h; path = "../../Downloads/Libraries/glew-2.1.0/include/GL/glew.h"; sourceTree = "<group>"; };
		80BB0CDF22A3FA010069BCDF /* eglew.h */ = {isa = PBXFileReference; lastKnownFileType = sourcecode.c.h; name = eglew.h; path = "../../Downloads/Libraries/glew-2.1.0/include/GL/eglew.h"; sourceTree = "<group>"; };
		80BB0CE022A3FA010069BCDF /* glxew.h */ = {isa = PBXFileReference; lastKnownFileType = sourcecode.c.h; name = glxew.h; path = "../../Downloads/Libraries/glew-2.1.0/include/GL/glxew.h"; sourceTree = "<group>"; };
		80BB0CE522A3FAAF0069BCDF /* glfw3native.h */ = {isa = PBXFileReference; lastKnownFileType = sourcecode.c.h; name = glfw3native.h; path = "../../Downloads/Libraries/glfw-3.3/include/GLFW/glfw3native.h"; sourceTree = "<group>"; };
		80BB0CE622A3FAAF0069BCDF /* glfw3.h */ = {isa = PBXFileReference; lastKnownFileType = sourcecode.c.h; name = glfw3.h; path = "../../Downloads/Libraries/glfw-3.3/include/GLFW/glfw3.h"; sourceTree = "<group>"; };
		80ED893022C0104E0045A21A /* ColoredObject.cpp */ = {isa = PBXFileReference; lastKnownFileType = sourcecode.cpp.cpp; path = ColoredObject.cpp; sourceTree = "<group>"; };
		80ED893122C0104E0045A21A /* ColoredObject.hpp */ = {isa = PBXFileReference; lastKnownFileType = sourcecode.cpp.h; path = ColoredObject.hpp; sourceTree = "<group>"; };
		80ED893322C014230045A21A /* DrawableObject.cpp */ = {isa = PBXFileReference; lastKnownFileType = sourcecode.cpp.cpp; path = DrawableObject.cpp; sourceTree = "<group>"; };
		80ED893722C038DC0045A21A /* shader */ = {isa = PBXFileReference; lastKnownFileType = folder; path = shader; sourceTree = "<group>"; };
/* End PBXFileReference section */

/* Begin PBXFrameworksBuildPhase section */
		80BB0CCD22A3EDBF0069BCDF /* Frameworks */ = {
			isa = PBXFrameworksBuildPhase;
			buildActionMask = 2147483647;
			files = (
				8053C2EF22A421F10003328B /* libglfw3.a in Frameworks */,
				8053C2ED22A421E00003328B /* libGLEW.a in Frameworks */,
				8053C2EB22A421D80003328B /* libGLEW.2.1.0.dylib in Frameworks */,
				8053C2E822A41F270003328B /* CoreVideo.framework in Frameworks */,
				8053C2E622A41F1F0003328B /* IOKit.framework in Frameworks */,
				8053C2D922A40F980003328B /* Cocoa.framework in Frameworks */,
				8053C2D822A40F940003328B /* GLUT.framework in Frameworks */,
				8053C2D722A40F8F0003328B /* OpenGL.framework in Frameworks */,
			);
			runOnlyForDeploymentPostprocessing = 0;
		};
/* End PBXFrameworksBuildPhase section */

/* Begin PBXGroup section */
		8045DE2822D2852D00EA6390 /* Engine */ = {
			isa = PBXGroup;
			children = (
				80ED893722C038DC0045A21A /* shader */,
				80492C8322AC519700821F00 /* data */,
				80492C8122AC513500821F00 /* datasrc */,
				8053C30222A6A1C40003328B /* ModelLoader */,
				80492C7F22A6AA4800821F00 /* includeEngine.h */,
				8053C2F122A455B30003328B /* Render.hpp */,
				8053C2F022A455B30003328B /* Render.cpp */,
				8053C2FA22A5547D0003328B /* Camera.hpp */,
				8053C2F922A5547D0003328B /* Camera.cpp */,
			);
			path = Engine;
			sourceTree = "<group>";
		};
		8053C30222A6A1C40003328B /* ModelLoader */ = {
			isa = PBXGroup;
			children = (
				80492C8A22BF8A3C00821F00 /* DrawableObject.hpp */,
				80ED893322C014230045A21A /* DrawableObject.cpp */,
				8053C2F422A45B060003328B /* TexturedObject.hpp */,
				80492C8822BF8A0A00821F00 /* TexturedObject.cpp */,
				80492C8622BF800E00821F00 /* Texture.hpp */,
				80492C8522BF800E00821F00 /* Texture.cpp */,
				80ED893122C0104E0045A21A /* ColoredObject.hpp */,
				80ED893022C0104E0045A21A /* ColoredObject.cpp */,
				8053C2F722A54D650003328B /* ModelLoader.hpp */,
				8053C2F622A54D650003328B /* ModelLoader.cpp */,
			);
			path = ModelLoader;
			sourceTree = "<group>";
		};
		80BB0CC722A3EDBF0069BCDF = {
			isa = PBXGroup;
			children = (
				80BB0CD222A3EDBF0069BCDF /* PLG */,
				80BB0CD122A3EDBF0069BCDF /* Products */,
				80BB0CDA22A3F9CB0069BCDF /* Frameworks */,
			);
			sourceTree = "<group>";
		};
		80BB0CD122A3EDBF0069BCDF /* Products */ = {
			isa = PBXGroup;
			children = (
				80BB0CD022A3EDBF0069BCDF /* PLG */,
			);
			name = Products;
			sourceTree = "<group>";
		};
		80BB0CD222A3EDBF0069BCDF /* PLG */ = {
			isa = PBXGroup;
			children = (
				8045DE2822D2852D00EA6390 /* Engine */,
				80BB0CD322A3EDBF0069BCDF /* main.cpp */,
				8045DE2A22D285E700EA6390 /* NeuralNetwork.hpp */,
				8045DE2922D285E700EA6390 /* NeuralNetwork.cpp */,
			);
			path = PLG;
			sourceTree = "<group>";
		};
		80BB0CDA22A3F9CB0069BCDF /* Frameworks */ = {
			isa = PBXGroup;
			children = (
				8053C2EE22A421F10003328B /* libglfw3.a */,
				8053C2EC22A421E00003328B /* libGLEW.a */,
				8053C2EA22A421D80003328B /* libGLEW.2.1.0.dylib */,
				8053C2E722A41F270003328B /* CoreVideo.framework */,
				8053C2E522A41F1F0003328B /* IOKit.framework */,
				8053C2E322A41E3F0003328B /* libglfw3.a */,
				8053C2E022A41DD20003328B /* cmake */,
				8053C2DA22A40FA80003328B /* libglfw3.a */,
				8053C2D422A408F10003328B /* GLKit.framework */,
				8053C2D222A405E20003328B /* Cocoa.framework */,
				8053C2CF22A403860003328B /* GLUT.framework */,
				800CB2B822A402E1003F7361 /* GLFW */,
				800CB2B622A402D5003F7361 /* GL */,
				800CB2B422A402C7003F7361 /* include */,
				800CB2B222A4027D003F7361 /* lib */,
				800CB2B022A40213003F7361 /* libGLEW.a */,
				800CB2AE22A401CB003F7361 /* OpenGL.framework */,
				800CB2AB22A3FCD1003F7361 /* glm.hpp */,
				800CB2A922A3FB93003F7361 /* glm */,
				80BB0CE622A3FAAF0069BCDF /* glfw3.h */,
				80BB0CE522A3FAAF0069BCDF /* glfw3native.h */,
				80BB0CDF22A3FA010069BCDF /* eglew.h */,
				80BB0CDE22A3FA010069BCDF /* glew.h */,
				80BB0CE022A3FA010069BCDF /* glxew.h */,
				80BB0CDD22A3FA010069BCDF /* wglew.h */,
				80BB0CDB22A3F9CC0069BCDF /* libGLEW.2.1.0.dylib */,
			);
			name = Frameworks;
			sourceTree = "<group>";
		};
/* End PBXGroup section */

/* Begin PBXNativeTarget section */
		80BB0CCF22A3EDBF0069BCDF /* PLG */ = {
			isa = PBXNativeTarget;
			buildConfigurationList = 80BB0CD722A3EDBF0069BCDF /* Build configuration list for PBXNativeTarget "PLG" */;
			buildPhases = (
				80BB0CCC22A3EDBF0069BCDF /* Sources */,
				80BB0CCD22A3EDBF0069BCDF /* Frameworks */,
				80492C8022AC510C00821F00 /* CopyFiles */,
			);
			buildRules = (
			);
			dependencies = (
			);
			name = PLG;
			productName = PLG;
			productReference = 80BB0CD022A3EDBF0069BCDF /* PLG */;
			productType = "com.apple.product-type.tool";
		};
/* End PBXNativeTarget section */

/* Begin PBXProject section */
		80BB0CC822A3EDBF0069BCDF /* Project object */ = {
			isa = PBXProject;
			attributes = {
				LastUpgradeCheck = 1020;
				ORGANIZATIONNAME = "Lukas Zierahn";
				TargetAttributes = {
					80BB0CCF22A3EDBF0069BCDF = {
						CreatedOnToolsVersion = 10.2.1;
					};
				};
			};
			buildConfigurationList = 80BB0CCB22A3EDBF0069BCDF /* Build configuration list for PBXProject "PLG" */;
			compatibilityVersion = "Xcode 9.3";
			developmentRegion = en;
			hasScannedForEncodings = 0;
			knownRegions = (
				en,
			);
			mainGroup = 80BB0CC722A3EDBF0069BCDF;
			productRefGroup = 80BB0CD122A3EDBF0069BCDF /* Products */;
			projectDirPath = "";
			projectRoot = "";
			targets = (
				80BB0CCF22A3EDBF0069BCDF /* PLG */,
			);
		};
/* End PBXProject section */

/* Begin PBXSourcesBuildPhase section */
		80BB0CCC22A3EDBF0069BCDF /* Sources */ = {
			isa = PBXSourcesBuildPhase;
			buildActionMask = 2147483647;
			files = (
				8053C2F822A54D650003328B /* ModelLoader.cpp in Sources */,
				8053C2FB22A5547D0003328B /* Camera.cpp in Sources */,
				80ED893222C0104E0045A21A /* ColoredObject.cpp in Sources */,
				80492C8722BF800E00821F00 /* Texture.cpp in Sources */,
				80ED893422C014230045A21A /* DrawableObject.cpp in Sources */,
				8045DE2B22D285E700EA6390 /* NeuralNetwork.cpp in Sources */,
				80BB0CD422A3EDBF0069BCDF /* main.cpp in Sources */,
				80492C8922BF8A0A00821F00 /* TexturedObject.cpp in Sources */,
				8053C2F222A455B30003328B /* Render.cpp in Sources */,
			);
			runOnlyForDeploymentPostprocessing = 0;
		};
/* End PBXSourcesBuildPhase section */

/* Begin XCBuildConfiguration section */
		80BB0CD522A3EDBF0069BCDF /* Debug */ = {
			isa = XCBuildConfiguration;
			buildSettings = {
				ALWAYS_SEARCH_USER_PATHS = NO;
				CLANG_ANALYZER_NONNULL = YES;
				CLANG_ANALYZER_NUMBER_OBJECT_CONVERSION = YES_AGGRESSIVE;
				CLANG_CXX_LANGUAGE_STANDARD = "gnu++14";
				CLANG_CXX_LIBRARY = "libc++";
				CLANG_ENABLE_MODULES = YES;
				CLANG_ENABLE_OBJC_ARC = YES;
				CLANG_ENABLE_OBJC_WEAK = YES;
				CLANG_WARN_BLOCK_CAPTURE_AUTORELEASING = YES;
				CLANG_WARN_BOOL_CONVERSION = YES;
				CLANG_WARN_COMMA = YES;
				CLANG_WARN_CONSTANT_CONVERSION = YES;
				CLANG_WARN_DEPRECATED_OBJC_IMPLEMENTATIONS = YES;
				CLANG_WARN_DIRECT_OBJC_ISA_USAGE = YES_ERROR;
				CLANG_WARN_DOCUMENTATION_COMMENTS = YES;
				CLANG_WARN_EMPTY_BODY = YES;
				CLANG_WARN_ENUM_CONVERSION = YES;
				CLANG_WARN_INFINITE_RECURSION = YES;
				CLANG_WARN_INT_CONVERSION = YES;
				CLANG_WARN_NON_LITERAL_NULL_CONVERSION = YES;
				CLANG_WARN_OBJC_IMPLICIT_RETAIN_SELF = YES;
				CLANG_WARN_OBJC_LITERAL_CONVERSION = YES;
				CLANG_WARN_OBJC_ROOT_CLASS = YES_ERROR;
				CLANG_WARN_RANGE_LOOP_ANALYSIS = YES;
				CLANG_WARN_STRICT_PROTOTYPES = YES;
				CLANG_WARN_SUSPICIOUS_MOVE = YES;
				CLANG_WARN_UNGUARDED_AVAILABILITY = YES_AGGRESSIVE;
				CLANG_WARN_UNREACHABLE_CODE = YES;
				CLANG_WARN__DUPLICATE_METHOD_MATCH = YES;
				CODE_SIGN_IDENTITY = "-";
				COPY_PHASE_STRIP = NO;
				DEBUG_INFORMATION_FORMAT = dwarf;
				ENABLE_STRICT_OBJC_MSGSEND = YES;
				ENABLE_TESTABILITY = YES;
				GCC_C_LANGUAGE_STANDARD = gnu11;
				GCC_DYNAMIC_NO_PIC = NO;
				GCC_NO_COMMON_BLOCKS = YES;
				GCC_OPTIMIZATION_LEVEL = 0;
				GCC_PREPROCESSOR_DEFINITIONS = (
					"DEBUG=1",
					"$(inherited)",
				);
				GCC_WARN_64_TO_32_BIT_CONVERSION = YES;
				GCC_WARN_ABOUT_RETURN_TYPE = YES_ERROR;
				GCC_WARN_UNDECLARED_SELECTOR = YES;
				GCC_WARN_UNINITIALIZED_AUTOS = YES_AGGRESSIVE;
				GCC_WARN_UNUSED_FUNCTION = YES;
				GCC_WARN_UNUSED_VARIABLE = YES;
				MACOSX_DEPLOYMENT_TARGET = 10.14;
				MTL_ENABLE_DEBUG_INFO = INCLUDE_SOURCE;
				MTL_FAST_MATH = YES;
				ONLY_ACTIVE_ARCH = YES;
				SDKROOT = macosx;
			};
			name = Debug;
		};
		80BB0CD622A3EDBF0069BCDF /* Release */ = {
			isa = XCBuildConfiguration;
			buildSettings = {
				ALWAYS_SEARCH_USER_PATHS = NO;
				CLANG_ANALYZER_NONNULL = YES;
				CLANG_ANALYZER_NUMBER_OBJECT_CONVERSION = YES_AGGRESSIVE;
				CLANG_CXX_LANGUAGE_STANDARD = "gnu++14";
				CLANG_CXX_LIBRARY = "libc++";
				CLANG_ENABLE_MODULES = YES;
				CLANG_ENABLE_OBJC_ARC = YES;
				CLANG_ENABLE_OBJC_WEAK = YES;
				CLANG_WARN_BLOCK_CAPTURE_AUTORELEASING = YES;
				CLANG_WARN_BOOL_CONVERSION = YES;
				CLANG_WARN_COMMA = YES;
				CLANG_WARN_CONSTANT_CONVERSION = YES;
				CLANG_WARN_DEPRECATED_OBJC_IMPLEMENTATIONS = YES;
				CLANG_WARN_DIRECT_OBJC_ISA_USAGE = YES_ERROR;
				CLANG_WARN_DOCUMENTATION_COMMENTS = YES;
				CLANG_WARN_EMPTY_BODY = YES;
				CLANG_WARN_ENUM_CONVERSION = YES;
				CLANG_WARN_INFINITE_RECURSION = YES;
				CLANG_WARN_INT_CONVERSION = YES;
				CLANG_WARN_NON_LITERAL_NULL_CONVERSION = YES;
				CLANG_WARN_OBJC_IMPLICIT_RETAIN_SELF = YES;
				CLANG_WARN_OBJC_LITERAL_CONVERSION = YES;
				CLANG_WARN_OBJC_ROOT_CLASS = YES_ERROR;
				CLANG_WARN_RANGE_LOOP_ANALYSIS = YES;
				CLANG_WARN_STRICT_PROTOTYPES = YES;
				CLANG_WARN_SUSPICIOUS_MOVE = YES;
				CLANG_WARN_UNGUARDED_AVAILABILITY = YES_AGGRESSIVE;
				CLANG_WARN_UNREACHABLE_CODE = YES;
				CLANG_WARN__DUPLICATE_METHOD_MATCH = YES;
				CODE_SIGN_IDENTITY = "-";
				COPY_PHASE_STRIP = NO;
				DEBUG_INFORMATION_FORMAT = "dwarf-with-dsym";
				ENABLE_NS_ASSERTIONS = NO;
				ENABLE_STRICT_OBJC_MSGSEND = YES;
				GCC_C_LANGUAGE_STANDARD = gnu11;
				GCC_NO_COMMON_BLOCKS = YES;
				GCC_WARN_64_TO_32_BIT_CONVERSION = YES;
				GCC_WARN_ABOUT_RETURN_TYPE = YES_ERROR;
				GCC_WARN_UNDECLARED_SELECTOR = YES;
				GCC_WARN_UNINITIALIZED_AUTOS = YES_AGGRESSIVE;
				GCC_WARN_UNUSED_FUNCTION = YES;
				GCC_WARN_UNUSED_VARIABLE = YES;
				MACOSX_DEPLOYMENT_TARGET = 10.14;
				MTL_ENABLE_DEBUG_INFO = NO;
				MTL_FAST_MATH = YES;
				SDKROOT = macosx;
			};
			name = Release;
		};
		80BB0CD822A3EDBF0069BCDF /* Debug */ = {
			isa = XCBuildConfiguration;
			buildSettings = {
				CODE_SIGN_STYLE = Automatic;
				HEADER_SEARCH_PATHS = /usr/local/include/;
				LIBRARY_SEARCH_PATHS = /usr/local/lib/;
				PRODUCT_NAME = "$(TARGET_NAME)";
			};
			name = Debug;
		};
		80BB0CD922A3EDBF0069BCDF /* Release */ = {
			isa = XCBuildConfiguration;
			buildSettings = {
				CODE_SIGN_STYLE = Automatic;
				HEADER_SEARCH_PATHS = /usr/local/include/;
				LIBRARY_SEARCH_PATHS = /usr/local/lib/;
				PRODUCT_NAME = "$(TARGET_NAME)";
			};
			name = Release;
		};
/* End XCBuildConfiguration section */

/* Begin XCConfigurationList section */
		80BB0CCB22A3EDBF0069BCDF /* Build configuration list for PBXProject "PLG" */ = {
			isa = XCConfigurationList;
			buildConfigurations = (
				80BB0CD522A3EDBF0069BCDF /* Debug */,
				80BB0CD622A3EDBF0069BCDF /* Release */,
			);
			defaultConfigurationIsVisible = 0;
			defaultConfigurationName = Release;
		};
		80BB0CD722A3EDBF0069BCDF /* Build configuration list for PBXNativeTarget "PLG" */ = {
			isa = XCConfigurationList;
			buildConfigurations = (
				80BB0CD822A3EDBF0069BCDF /* Debug */,
				80BB0CD922A3EDBF0069BCDF /* Release */,
			);
			defaultConfigurationIsVisible = 0;
			defaultConfigurationName = Release;
		};
/* End XCConfigurationList section */
	};
	rootObject = 80BB0CC822A3EDBF0069BCDF /* Project object */;
}
